
Microsoft Visual Studio Solution File, Format Version 12.00
# Visual Studio Version 17
VisualStudioVersion = 17.2.32616.157
MinimumVisualStudioVersion = 10.0.40219.1
Project("{9A19103F-16F7-4668-BE54-9A1E7A4F7556}") = "ClassBoxData", "ClassBoxData\ClassBoxData.csproj", "{41118B03-1843-47D7-885E-F72F3ECE40C5}"
EndProject
Project("{9A19103F-16F7-4668-BE54-9A1E7A4F7556}") = "AnimalFarm", "AnimalFarm\AnimalFarm.csproj", "{0FE251E3-520C-489D-B74A-4B3F77F0EEC3}"
EndProject
Project("{FAE04EC0-301F-11D3-BF4B-00C04F79EFBC}") = "ShoppingSpree", "ShoppingSpree\ShoppingSpree.csproj", "{689B019D-92B3-4D64-B784-69F5944010FB}"
EndProject
Project("{FAE04EC0-301F-11D3-BF4B-00C04F79EFBC}") = "PizzaCalories", "PizzaCalories\PizzaCalories.csproj", "{F0BA484E-32CE-4490-8AA5-8C9E04CCFE65}"
EndProject
Project("{FAE04EC0-301F-11D3-BF4B-00C04F79EFBC}") = "FootballTeamGenerator", "FootballTeamGenerator\FootballTeamGenerator.csproj", "{5B2D54EE-1079-440C-8D5A-CF433321C790}"
EndProject
Global
	GlobalSection(SolutionConfigurationPlatforms) = preSolution
		Debug|Any CPU = Debug|Any CPU
		Release|Any CPU = Release|Any CPU
	EndGlobalSection
	GlobalSection(ProjectConfigurationPlatforms) = postSolution
		{41118B03-1843-47D7-885E-F72F3ECE40C5}.Debug|Any CPU.ActiveCfg = Debug|Any CPU
		{41118B03-1843-47D7-885E-F72F3ECE40C5}.Debug|Any CPU.Build.0 = Debug|Any CPU
		{41118B03-1843-47D7-885E-F72F3ECE40C5}.Release|Any CPU.ActiveCfg = Release|Any CPU
		{41118B03-1843-47D7-885E-F72F3ECE40C5}.Release|Any CPU.Build.0 = Release|Any CPU
		{0FE251E3-520C-489D-B74A-4B3F77F0EEC3}.Debug|Any CPU.ActiveCfg = Debug|Any CPU
		{0FE251E3-520C-489D-B74A-4B3F77F0EEC3}.Debug|Any CPU.Build.0 = Debug|Any CPU
		{0FE251E3-520C-489D-B74A-4B3F77F0EEC3}.Release|Any CPU.ActiveCfg = Release|Any CPU
		{0FE251E3-520C-489D-B74A-4B3F77F0EEC3}.Release|Any CPU.Build.0 = Release|Any CPU
		{689B019D-92B3-4D64-B784-69F5944010FB}.Debug|Any CPU.ActiveCfg = Debug|Any CPU
		{689B019D-92B3-4D64-B784-69F5944010FB}.Debug|Any CPU.Build.0 = Debug|Any CPU
		{689B019D-92B3-4D64-B784-69F5944010FB}.Release|Any CPU.ActiveCfg = Release|Any CPU
		{689B019D-92B3-4D64-B784-69F5944010FB}.Release|Any CPU.Build.0 = Release|Any CPU
		{F0BA484E-32CE-4490-8AA5-8C9E04CCFE65}.Debug|Any CPU.ActiveCfg = Debug|Any CPU
		{F0BA484E-32CE-4490-8AA5-8C9E04CCFE65}.Debug|Any CPU.Build.0 = Debug|Any CPU
		{F0BA484E-32CE-4490-8AA5-8C9E04CCFE65}.Release|Any CPU.ActiveCfg = Release|Any CPU
		{F0BA484E-32CE-4490-8AA5-8C9E04CCFE65}.Release|Any CPU.Build.0 = Release|Any CPU
		{5B2D54EE-1079-440C-8D5A-CF433321C790}.Debug|Any CPU.ActiveCfg = Debug|Any CPU
		{5B2D54EE-1079-440C-8D5A-CF433321C790}.Debug|Any CPU.Build.0 = Debug|Any CPU
		{5B2D54EE-1079-440C-8D5A-CF433321C790}.Release|Any CPU.ActiveCfg = Release|Any CPU
		{5B2D54EE-1079-440C-8D5A-CF433321C790}.Release|Any CPU.Build.0 = Release|Any CPU
	EndGlobalSection
	GlobalSection(SolutionProperties) = preSolution
		HideSolutionNode = FALSE
	EndGlobalSection
	GlobalSection(ExtensibilityGlobals) = postSolution
		SolutionGuid = {732CBF8A-1AEC-402B-9289-9AAEE814BB50}
	EndGlobalSection
EndGlobal
