
Microsoft Visual Studio Solution File, Format Version 12.00
# Visual Studio Version 17
VisualStudioVersion = 17.2.32616.157
MinimumVisualStudioVersion = 10.0.40219.1
Project("{9A19103F-16F7-4668-BE54-9A1E7A4F7556}") = "TestAxe", "..\09. CSharp-OOP-Unit-Testing-Lab-Skeleton\Skeleton\TestAxe.csproj", "{61875527-C2A5-4E8B-B1BD-335295A88826}"
EndProject
Project("{9A19103F-16F7-4668-BE54-9A1E7A4F7556}") = "Skeleton.Tests", "..\09. CSharp-OOP-Unit-Testing-Lab-Skeleton\Skeleton.Tests\Skeleton.Tests.csproj", "{26A7CBD0-264A-409C-BAC8-BC681019E039}"
EndProject
Global
	GlobalSection(SolutionConfigurationPlatforms) = preSolution
		Debug|Any CPU = Debug|Any CPU
		Release|Any CPU = Release|Any CPU
	EndGlobalSection
	GlobalSection(ProjectConfigurationPlatforms) = postSolution
		{61875527-C2A5-4E8B-B1BD-335295A88826}.Debug|Any CPU.ActiveCfg = Debug|Any CPU
		{61875527-C2A5-4E8B-B1BD-335295A88826}.Debug|Any CPU.Build.0 = Debug|Any CPU
		{61875527-C2A5-4E8B-B1BD-335295A88826}.Release|Any CPU.ActiveCfg = Release|Any CPU
		{61875527-C2A5-4E8B-B1BD-335295A88826}.Release|Any CPU.Build.0 = Release|Any CPU
		{26A7CBD0-264A-409C-BAC8-BC681019E039}.Debug|Any CPU.ActiveCfg = Debug|Any CPU
		{26A7CBD0-264A-409C-BAC8-BC681019E039}.Debug|Any CPU.Build.0 = Debug|Any CPU
		{26A7CBD0-264A-409C-BAC8-BC681019E039}.Release|Any CPU.ActiveCfg = Release|Any CPU
		{26A7CBD0-264A-409C-BAC8-BC681019E039}.Release|Any CPU.Build.0 = Release|Any CPU
	EndGlobalSection
	GlobalSection(SolutionProperties) = preSolution
		HideSolutionNode = FALSE
	EndGlobalSection
	GlobalSection(ExtensibilityGlobals) = postSolution
		SolutionGuid = {796FFDA6-3613-4FEF-8904-03EF83909455}
	EndGlobalSection
EndGlobal
