
Microsoft Visual Studio Solution File, Format Version 12.00
# Visual Studio Version 17
VisualStudioVersion = 17.2.32616.157
MinimumVisualStudioVersion = 10.0.40219.1
Project("{9A19103F-16F7-4668-BE54-9A1E7A4F7556}") = "01. Climb The Peaks", "01. Climb The Peaks\01. Climb The Peaks.csproj", "{C0892E1E-AB88-4076-9CF8-B39CCDF9BF0B}"
EndProject
Project("{9A19103F-16F7-4668-BE54-9A1E7A4F7556}") = "02. Navy Battle", "02. Navy Battle\02. Navy Battle.csproj", "{E2FCC67C-7733-4C2F-913E-BA62B22D96C7}"
EndProject
Project("{9A19103F-16F7-4668-BE54-9A1E7A4F7556}") = "ShoeStore", "..\..\..\..\Programirane\exercise\Old\C# advanced\Exams\03. Shoe Store_Skeleton_3.1\ShoeStore.csproj", "{DC81D37B-7B1F-43BD-831C-6D320011A4A5}"
EndProject
Project("{9A19103F-16F7-4668-BE54-9A1E7A4F7556}") = "01. Energy Drinks", "01. Energy Drinks\01. Energy Drinks.csproj", "{ED634152-7CA8-447A-84A3-CE6C47E44974}"
EndProject
Project("{9A19103F-16F7-4668-BE54-9A1E7A4F7556}") = "02. Rally Racing", "02. Rally Racing\02. Rally Racing.csproj", "{EDBD383B-C3B0-434D-831A-1D294D37A15A}"
EndProject
Project("{9A19103F-16F7-4668-BE54-9A1E7A4F7556}") = "ComputerArchitecture", "..\..\..\..\Programirane\exercise\Old\C# advanced\Exams\03. Computer Architecture_Skeleton_3.1\ComputerArchitecture.csproj", "{EA239450-FD06-416C-8F25-DE4C17D11F33}"
EndProject
Project("{FAE04EC0-301F-11D3-BF4B-00C04F79EFBC}") = "01. Bombs", "01. Bombs\01. Bombs.csproj", "{87F9C3F5-692A-45D8-AC9B-F12E404BDE9E}"
EndProject
Project("{FAE04EC0-301F-11D3-BF4B-00C04F79EFBC}") = "02. Snake", "02. Snake\02. Snake.csproj", "{AC8057E2-F31A-445D-846D-F9AD5FB0A742}"
EndProject
Project("{FAE04EC0-301F-11D3-BF4B-00C04F79EFBC}") = "03. Parking", "03. Parking\03. Parking.csproj", "{558D30E8-4B67-4182-BDEF-E77C9A7B2C44}"
EndProject
Global
	GlobalSection(SolutionConfigurationPlatforms) = preSolution
		Debug|Any CPU = Debug|Any CPU
		Release|Any CPU = Release|Any CPU
	EndGlobalSection
	GlobalSection(ProjectConfigurationPlatforms) = postSolution
		{C0892E1E-AB88-4076-9CF8-B39CCDF9BF0B}.Debug|Any CPU.ActiveCfg = Debug|Any CPU
		{C0892E1E-AB88-4076-9CF8-B39CCDF9BF0B}.Debug|Any CPU.Build.0 = Debug|Any CPU
		{C0892E1E-AB88-4076-9CF8-B39CCDF9BF0B}.Release|Any CPU.ActiveCfg = Release|Any CPU
		{C0892E1E-AB88-4076-9CF8-B39CCDF9BF0B}.Release|Any CPU.Build.0 = Release|Any CPU
		{E2FCC67C-7733-4C2F-913E-BA62B22D96C7}.Debug|Any CPU.ActiveCfg = Debug|Any CPU
		{E2FCC67C-7733-4C2F-913E-BA62B22D96C7}.Debug|Any CPU.Build.0 = Debug|Any CPU
		{E2FCC67C-7733-4C2F-913E-BA62B22D96C7}.Release|Any CPU.ActiveCfg = Release|Any CPU
		{E2FCC67C-7733-4C2F-913E-BA62B22D96C7}.Release|Any CPU.Build.0 = Release|Any CPU
		{DC81D37B-7B1F-43BD-831C-6D320011A4A5}.Debug|Any CPU.ActiveCfg = Debug|Any CPU
		{DC81D37B-7B1F-43BD-831C-6D320011A4A5}.Debug|Any CPU.Build.0 = Debug|Any CPU
		{DC81D37B-7B1F-43BD-831C-6D320011A4A5}.Release|Any CPU.ActiveCfg = Release|Any CPU
		{DC81D37B-7B1F-43BD-831C-6D320011A4A5}.Release|Any CPU.Build.0 = Release|Any CPU
		{ED634152-7CA8-447A-84A3-CE6C47E44974}.Debug|Any CPU.ActiveCfg = Debug|Any CPU
		{ED634152-7CA8-447A-84A3-CE6C47E44974}.Debug|Any CPU.Build.0 = Debug|Any CPU
		{ED634152-7CA8-447A-84A3-CE6C47E44974}.Release|Any CPU.ActiveCfg = Release|Any CPU
		{ED634152-7CA8-447A-84A3-CE6C47E44974}.Release|Any CPU.Build.0 = Release|Any CPU
		{EDBD383B-C3B0-434D-831A-1D294D37A15A}.Debug|Any CPU.ActiveCfg = Debug|Any CPU
		{EDBD383B-C3B0-434D-831A-1D294D37A15A}.Debug|Any CPU.Build.0 = Debug|Any CPU
		{EDBD383B-C3B0-434D-831A-1D294D37A15A}.Release|Any CPU.ActiveCfg = Release|Any CPU
		{EDBD383B-C3B0-434D-831A-1D294D37A15A}.Release|Any CPU.Build.0 = Release|Any CPU
		{EA239450-FD06-416C-8F25-DE4C17D11F33}.Debug|Any CPU.ActiveCfg = Debug|Any CPU
		{EA239450-FD06-416C-8F25-DE4C17D11F33}.Debug|Any CPU.Build.0 = Debug|Any CPU
		{EA239450-FD06-416C-8F25-DE4C17D11F33}.Release|Any CPU.ActiveCfg = Release|Any CPU
		{EA239450-FD06-416C-8F25-DE4C17D11F33}.Release|Any CPU.Build.0 = Release|Any CPU
		{87F9C3F5-692A-45D8-AC9B-F12E404BDE9E}.Debug|Any CPU.ActiveCfg = Debug|Any CPU
		{87F9C3F5-692A-45D8-AC9B-F12E404BDE9E}.Debug|Any CPU.Build.0 = Debug|Any CPU
		{87F9C3F5-692A-45D8-AC9B-F12E404BDE9E}.Release|Any CPU.ActiveCfg = Release|Any CPU
		{87F9C3F5-692A-45D8-AC9B-F12E404BDE9E}.Release|Any CPU.Build.0 = Release|Any CPU
		{AC8057E2-F31A-445D-846D-F9AD5FB0A742}.Debug|Any CPU.ActiveCfg = Debug|Any CPU
		{AC8057E2-F31A-445D-846D-F9AD5FB0A742}.Debug|Any CPU.Build.0 = Debug|Any CPU
		{AC8057E2-F31A-445D-846D-F9AD5FB0A742}.Release|Any CPU.ActiveCfg = Release|Any CPU
		{AC8057E2-F31A-445D-846D-F9AD5FB0A742}.Release|Any CPU.Build.0 = Release|Any CPU
		{558D30E8-4B67-4182-BDEF-E77C9A7B2C44}.Debug|Any CPU.ActiveCfg = Debug|Any CPU
		{558D30E8-4B67-4182-BDEF-E77C9A7B2C44}.Debug|Any CPU.Build.0 = Debug|Any CPU
		{558D30E8-4B67-4182-BDEF-E77C9A7B2C44}.Release|Any CPU.ActiveCfg = Release|Any CPU
		{558D30E8-4B67-4182-BDEF-E77C9A7B2C44}.Release|Any CPU.Build.0 = Release|Any CPU
	EndGlobalSection
	GlobalSection(SolutionProperties) = preSolution
		HideSolutionNode = FALSE
	EndGlobalSection
	GlobalSection(ExtensibilityGlobals) = postSolution
		SolutionGuid = {001B711E-D61C-40F0-ABF2-FB15C16059D4}
	EndGlobalSection
EndGlobal
