
Microsoft Visual Studio Solution File, Format Version 12.00
# Visual Studio Version 17
VisualStudioVersion = 17.2.32616.157
MinimumVisualStudioVersion = 10.0.40219.1
Project("{9A19103F-16F7-4668-BE54-9A1E7A4F7556}") = "01. Climb The Peaks", "01. Climb The Peaks\01. Climb The Peaks.csproj", "{C0892E1E-AB88-4076-9CF8-B39CCDF9BF0B}"
EndProject
Project("{9A19103F-16F7-4668-BE54-9A1E7A4F7556}") = "02. Navy Battle", "02. Navy Battle\02. Navy Battle.csproj", "{E2FCC67C-7733-4C2F-913E-BA62B22D96C7}"
EndProject
Project("{9A19103F-16F7-4668-BE54-9A1E7A4F7556}") = "ShoeStore", "..\..\..\..\Programirane\exercise\Old\C# advanced\Exams\03. Shoe Store_Skeleton_3.1\ShoeStore.csproj", "{DC81D37B-7B1F-43BD-831C-6D320011A4A5}"
EndProject
Project("{9A19103F-16F7-4668-BE54-9A1E7A4F7556}") = "01. Energy Drinks", "01. Energy Drinks\01. Energy Drinks.csproj", "{ED634152-7CA8-447A-84A3-CE6C47E44974}"
EndProject
Project("{9A19103F-16F7-4668-BE54-9A1E7A4F7556}") = "02. Rally Racing", "02. Rally Racing\02. Rally Racing.csproj", "{EDBD383B-C3B0-434D-831A-1D294D37A15A}"
EndProject
Project("{9A19103F-16F7-4668-BE54-9A1E7A4F7556}") = "ComputerArchitecture", "..\..\..\..\Programirane\exercise\Old\C# advanced\Exams\03. Computer Architecture_Skeleton_3.1\ComputerArchitecture.csproj", "{EA239450-FD06-416C-8F25-DE4C17D11F33}"
EndProject
Project("{9A19103F-16F7-4668-BE54-9A1E7A4F7556}") = "01. Bombs", "01. Bombs\01. Bombs.csproj", "{87F9C3F5-692A-45D8-AC9B-F12E404BDE9E}"
EndProject
Project("{9A19103F-16F7-4668-BE54-9A1E7A4F7556}") = "02. Snake", "02. Snake\02. Snake.csproj", "{AC8057E2-F31A-445D-846D-F9AD5FB0A742}"
EndProject
Project("{9A19103F-16F7-4668-BE54-9A1E7A4F7556}") = "Parking", "..\..\..\..\Programirane\exercise\Old\C# advanced\Exams\03. Parking_Skeleton\Parking\Parking\Parking.csproj", "{B5DD6341-D308-4682-81F7-533944B55E1E}"
EndProject
Project("{9A19103F-16F7-4668-BE54-9A1E7A4F7556}") = "01. Barista Contest", "01. Barista Contest\01. Barista Contest.csproj", "{B5037175-FEAF-439D-91C9-93B0FFDE701A}"
EndProject
Project("{9A19103F-16F7-4668-BE54-9A1E7A4F7556}") = "02. Help-A-Mole", "02. Help-A-Mole\02. Help-A-Mole.csproj", "{E5C9307E-156F-4687-9C44-9A3A8CCD52D7}"
EndProject
Project("{9A19103F-16F7-4668-BE54-9A1E7A4F7556}") = "Basketball", "..\..\..\..\Programirane\exercise\Old\C# advanced\Exams\03. Basketball_Skeleton\Basketball.csproj", "{60063BE8-978E-4687-ADB1-BFF5216AC594}"
EndProject
Project("{9A19103F-16F7-4668-BE54-9A1E7A4F7556}") = "01. Tiles Master", "01. Tiles Master\01. Tiles Master.csproj", "{4A070304-3111-45E9-AB01-805A9DF7F177}"
EndProject
Project("{FAE04EC0-301F-11D3-BF4B-00C04F79EFBC}") = "02. Wall Destroyer", "02. Wall Destroyer\02. Wall Destroyer.csproj", "{D8EBAF03-7187-4F0D-ADAF-D2315C2C1C2F}"
EndProject
Global
	GlobalSection(SolutionConfigurationPlatforms) = preSolution
		Debug|Any CPU = Debug|Any CPU
		Release|Any CPU = Release|Any CPU
	EndGlobalSection
	GlobalSection(ProjectConfigurationPlatforms) = postSolution
		{C0892E1E-AB88-4076-9CF8-B39CCDF9BF0B}.Debug|Any CPU.ActiveCfg = Debug|Any CPU
		{C0892E1E-AB88-4076-9CF8-B39CCDF9BF0B}.Debug|Any CPU.Build.0 = Debug|Any CPU
		{C0892E1E-AB88-4076-9CF8-B39CCDF9BF0B}.Release|Any CPU.ActiveCfg = Release|Any CPU
		{C0892E1E-AB88-4076-9CF8-B39CCDF9BF0B}.Release|Any CPU.Build.0 = Release|Any CPU
		{E2FCC67C-7733-4C2F-913E-BA62B22D96C7}.Debug|Any CPU.ActiveCfg = Debug|Any CPU
		{E2FCC67C-7733-4C2F-913E-BA62B22D96C7}.Debug|Any CPU.Build.0 = Debug|Any CPU
		{E2FCC67C-7733-4C2F-913E-BA62B22D96C7}.Release|Any CPU.ActiveCfg = Release|Any CPU
		{E2FCC67C-7733-4C2F-913E-BA62B22D96C7}.Release|Any CPU.Build.0 = Release|Any CPU
		{DC81D37B-7B1F-43BD-831C-6D320011A4A5}.Debug|Any CPU.ActiveCfg = Debug|Any CPU
		{DC81D37B-7B1F-43BD-831C-6D320011A4A5}.Debug|Any CPU.Build.0 = Debug|Any CPU
		{DC81D37B-7B1F-43BD-831C-6D320011A4A5}.Release|Any CPU.ActiveCfg = Release|Any CPU
		{DC81D37B-7B1F-43BD-831C-6D320011A4A5}.Release|Any CPU.Build.0 = Release|Any CPU
		{ED634152-7CA8-447A-84A3-CE6C47E44974}.Debug|Any CPU.ActiveCfg = Debug|Any CPU
		{ED634152-7CA8-447A-84A3-CE6C47E44974}.Debug|Any CPU.Build.0 = Debug|Any CPU
		{ED634152-7CA8-447A-84A3-CE6C47E44974}.Release|Any CPU.ActiveCfg = Release|Any CPU
		{ED634152-7CA8-447A-84A3-CE6C47E44974}.Release|Any CPU.Build.0 = Release|Any CPU
		{EDBD383B-C3B0-434D-831A-1D294D37A15A}.Debug|Any CPU.ActiveCfg = Debug|Any CPU
		{EDBD383B-C3B0-434D-831A-1D294D37A15A}.Debug|Any CPU.Build.0 = Debug|Any CPU
		{EDBD383B-C3B0-434D-831A-1D294D37A15A}.Release|Any CPU.ActiveCfg = Release|Any CPU
		{EDBD383B-C3B0-434D-831A-1D294D37A15A}.Release|Any CPU.Build.0 = Release|Any CPU
		{EA239450-FD06-416C-8F25-DE4C17D11F33}.Debug|Any CPU.ActiveCfg = Debug|Any CPU
		{EA239450-FD06-416C-8F25-DE4C17D11F33}.Debug|Any CPU.Build.0 = Debug|Any CPU
		{EA239450-FD06-416C-8F25-DE4C17D11F33}.Release|Any CPU.ActiveCfg = Release|Any CPU
		{EA239450-FD06-416C-8F25-DE4C17D11F33}.Release|Any CPU.Build.0 = Release|Any CPU
		{87F9C3F5-692A-45D8-AC9B-F12E404BDE9E}.Debug|Any CPU.ActiveCfg = Debug|Any CPU
		{87F9C3F5-692A-45D8-AC9B-F12E404BDE9E}.Debug|Any CPU.Build.0 = Debug|Any CPU
		{87F9C3F5-692A-45D8-AC9B-F12E404BDE9E}.Release|Any CPU.ActiveCfg = Release|Any CPU
		{87F9C3F5-692A-45D8-AC9B-F12E404BDE9E}.Release|Any CPU.Build.0 = Release|Any CPU
		{AC8057E2-F31A-445D-846D-F9AD5FB0A742}.Debug|Any CPU.ActiveCfg = Debug|Any CPU
		{AC8057E2-F31A-445D-846D-F9AD5FB0A742}.Debug|Any CPU.Build.0 = Debug|Any CPU
		{AC8057E2-F31A-445D-846D-F9AD5FB0A742}.Release|Any CPU.ActiveCfg = Release|Any CPU
		{AC8057E2-F31A-445D-846D-F9AD5FB0A742}.Release|Any CPU.Build.0 = Release|Any CPU
		{B5DD6341-D308-4682-81F7-533944B55E1E}.Debug|Any CPU.ActiveCfg = Debug|Any CPU
		{B5DD6341-D308-4682-81F7-533944B55E1E}.Debug|Any CPU.Build.0 = Debug|Any CPU
		{B5DD6341-D308-4682-81F7-533944B55E1E}.Release|Any CPU.ActiveCfg = Release|Any CPU
		{B5DD6341-D308-4682-81F7-533944B55E1E}.Release|Any CPU.Build.0 = Release|Any CPU
		{B5037175-FEAF-439D-91C9-93B0FFDE701A}.Debug|Any CPU.ActiveCfg = Debug|Any CPU
		{B5037175-FEAF-439D-91C9-93B0FFDE701A}.Debug|Any CPU.Build.0 = Debug|Any CPU
		{B5037175-FEAF-439D-91C9-93B0FFDE701A}.Release|Any CPU.ActiveCfg = Release|Any CPU
		{B5037175-FEAF-439D-91C9-93B0FFDE701A}.Release|Any CPU.Build.0 = Release|Any CPU
		{E5C9307E-156F-4687-9C44-9A3A8CCD52D7}.Debug|Any CPU.ActiveCfg = Debug|Any CPU
		{E5C9307E-156F-4687-9C44-9A3A8CCD52D7}.Debug|Any CPU.Build.0 = Debug|Any CPU
		{E5C9307E-156F-4687-9C44-9A3A8CCD52D7}.Release|Any CPU.ActiveCfg = Release|Any CPU
		{E5C9307E-156F-4687-9C44-9A3A8CCD52D7}.Release|Any CPU.Build.0 = Release|Any CPU
		{60063BE8-978E-4687-ADB1-BFF5216AC594}.Debug|Any CPU.ActiveCfg = Debug|Any CPU
		{60063BE8-978E-4687-ADB1-BFF5216AC594}.Debug|Any CPU.Build.0 = Debug|Any CPU
		{60063BE8-978E-4687-ADB1-BFF5216AC594}.Release|Any CPU.ActiveCfg = Release|Any CPU
		{60063BE8-978E-4687-ADB1-BFF5216AC594}.Release|Any CPU.Build.0 = Release|Any CPU
		{4A070304-3111-45E9-AB01-805A9DF7F177}.Debug|Any CPU.ActiveCfg = Debug|Any CPU
		{4A070304-3111-45E9-AB01-805A9DF7F177}.Debug|Any CPU.Build.0 = Debug|Any CPU
		{4A070304-3111-45E9-AB01-805A9DF7F177}.Release|Any CPU.ActiveCfg = Release|Any CPU
		{4A070304-3111-45E9-AB01-805A9DF7F177}.Release|Any CPU.Build.0 = Release|Any CPU
		{D8EBAF03-7187-4F0D-ADAF-D2315C2C1C2F}.Debug|Any CPU.ActiveCfg = Debug|Any CPU
		{D8EBAF03-7187-4F0D-ADAF-D2315C2C1C2F}.Debug|Any CPU.Build.0 = Debug|Any CPU
		{D8EBAF03-7187-4F0D-ADAF-D2315C2C1C2F}.Release|Any CPU.ActiveCfg = Release|Any CPU
		{D8EBAF03-7187-4F0D-ADAF-D2315C2C1C2F}.Release|Any CPU.Build.0 = Release|Any CPU
	EndGlobalSection
	GlobalSection(SolutionProperties) = preSolution
		HideSolutionNode = FALSE
	EndGlobalSection
	GlobalSection(ExtensibilityGlobals) = postSolution
		SolutionGuid = {001B711E-D61C-40F0-ABF2-FB15C16059D4}
	EndGlobalSection
EndGlobal
