
Microsoft Visual Studio Solution File, Format Version 12.00
# Visual Studio Version 17
VisualStudioVersion = 17.2.32616.157
MinimumVisualStudioVersion = 10.0.40219.1
Project("{9A19103F-16F7-4668-BE54-9A1E7A4F7556}") = "Test", "Test\Test.csproj", "{C75738FF-7887-4A04-A4DB-1D886ED2BD94}"
EndProject
Project("{9A19103F-16F7-4668-BE54-9A1E7A4F7556}") = "FakeAxeAndDummy", "FakeAxeAndDummy\FakeAxeAndDummy.csproj", "{0A0CEA4D-3DAC-46E4-B8C6-2980FDE7262B}"
EndProject
Project("{9A19103F-16F7-4668-BE54-9A1E7A4F7556}") = "FakeAxeAndDummy.Tests", "FakeAxeAndDummy.Tests\FakeAxeAndDummy.Tests.csproj", "{EA6DA488-3A97-4308-9002-60AA8C396EDE}"
EndProject
Project("{9A19103F-16F7-4668-BE54-9A1E7A4F7556}") = "UniversityCompetition", "01. Structure_Skeleton_3.1\UniversityCompetition.csproj", "{012717F0-9DF4-486D-B887-F6A2B090A7F6}"
EndProject
Project("{9A19103F-16F7-4668-BE54-9A1E7A4F7556}") = "Formula1", "Formula1\Formula1\Formula1.csproj", "{29FDDA47-969C-4CAC-9F72-F053B04CB625}"
EndProject
Project("{9A19103F-16F7-4668-BE54-9A1E7A4F7556}") = "UniversityLibrary", "01. Structure_Skeleton_3.1\03. Unit Tests_Skeleton_3.1\UniversityLibrary\UniversityLibrary.csproj", "{B8C35F1F-4D8E-4029-8A01-749152EE9FD3}"
EndProject
Project("{9A19103F-16F7-4668-BE54-9A1E7A4F7556}") = "UniversityLibrary.Test", "01. Structure_Skeleton_3.1\03. Unit Tests_Skeleton_3.1\UniversityLibrary.Test\UniversityLibrary.Test.csproj", "{AD7B2AC9-66C4-4637-8AA2-DE8728E8D45D}"
EndProject
Project("{9A19103F-16F7-4668-BE54-9A1E7A4F7556}") = "ChristmasPastryShop", "Christmas Pastry Shop\ChristmasPastryShop.csproj", "{3E4B8065-3D91-4957-AAE2-330DD0CC8663}"
EndProject
Project("{9A19103F-16F7-4668-BE54-9A1E7A4F7556}") = "BookingApp", "HotelBookingApp\BookingApp.csproj", "{8F7350FE-87FF-4F7C-8BA5-C0E89B209E82}"
EndProject
Project("{9A19103F-16F7-4668-BE54-9A1E7A4F7556}") = "PlanetWars", "PlanetWars\PlanetWars.csproj", "{F33E3623-7598-4F2A-8F0E-B15B0EFE1ADB}"
EndProject
Global
	GlobalSection(SolutionConfigurationPlatforms) = preSolution
		Debug|Any CPU = Debug|Any CPU
		Release|Any CPU = Release|Any CPU
	EndGlobalSection
	GlobalSection(ProjectConfigurationPlatforms) = postSolution
		{C75738FF-7887-4A04-A4DB-1D886ED2BD94}.Debug|Any CPU.ActiveCfg = Debug|Any CPU
		{C75738FF-7887-4A04-A4DB-1D886ED2BD94}.Debug|Any CPU.Build.0 = Debug|Any CPU
		{C75738FF-7887-4A04-A4DB-1D886ED2BD94}.Release|Any CPU.ActiveCfg = Release|Any CPU
		{C75738FF-7887-4A04-A4DB-1D886ED2BD94}.Release|Any CPU.Build.0 = Release|Any CPU
		{0A0CEA4D-3DAC-46E4-B8C6-2980FDE7262B}.Debug|Any CPU.ActiveCfg = Debug|Any CPU
		{0A0CEA4D-3DAC-46E4-B8C6-2980FDE7262B}.Debug|Any CPU.Build.0 = Debug|Any CPU
		{0A0CEA4D-3DAC-46E4-B8C6-2980FDE7262B}.Release|Any CPU.ActiveCfg = Release|Any CPU
		{0A0CEA4D-3DAC-46E4-B8C6-2980FDE7262B}.Release|Any CPU.Build.0 = Release|Any CPU
		{EA6DA488-3A97-4308-9002-60AA8C396EDE}.Debug|Any CPU.ActiveCfg = Debug|Any CPU
		{EA6DA488-3A97-4308-9002-60AA8C396EDE}.Debug|Any CPU.Build.0 = Debug|Any CPU
		{EA6DA488-3A97-4308-9002-60AA8C396EDE}.Release|Any CPU.ActiveCfg = Release|Any CPU
		{EA6DA488-3A97-4308-9002-60AA8C396EDE}.Release|Any CPU.Build.0 = Release|Any CPU
		{012717F0-9DF4-486D-B887-F6A2B090A7F6}.Debug|Any CPU.ActiveCfg = Debug|Any CPU
		{012717F0-9DF4-486D-B887-F6A2B090A7F6}.Debug|Any CPU.Build.0 = Debug|Any CPU
		{012717F0-9DF4-486D-B887-F6A2B090A7F6}.Release|Any CPU.ActiveCfg = Release|Any CPU
		{012717F0-9DF4-486D-B887-F6A2B090A7F6}.Release|Any CPU.Build.0 = Release|Any CPU
		{29FDDA47-969C-4CAC-9F72-F053B04CB625}.Debug|Any CPU.ActiveCfg = Debug|Any CPU
		{29FDDA47-969C-4CAC-9F72-F053B04CB625}.Debug|Any CPU.Build.0 = Debug|Any CPU
		{29FDDA47-969C-4CAC-9F72-F053B04CB625}.Release|Any CPU.ActiveCfg = Release|Any CPU
		{29FDDA47-969C-4CAC-9F72-F053B04CB625}.Release|Any CPU.Build.0 = Release|Any CPU
		{B8C35F1F-4D8E-4029-8A01-749152EE9FD3}.Debug|Any CPU.ActiveCfg = Debug|Any CPU
		{B8C35F1F-4D8E-4029-8A01-749152EE9FD3}.Debug|Any CPU.Build.0 = Debug|Any CPU
		{B8C35F1F-4D8E-4029-8A01-749152EE9FD3}.Release|Any CPU.ActiveCfg = Release|Any CPU
		{B8C35F1F-4D8E-4029-8A01-749152EE9FD3}.Release|Any CPU.Build.0 = Release|Any CPU
		{AD7B2AC9-66C4-4637-8AA2-DE8728E8D45D}.Debug|Any CPU.ActiveCfg = Debug|Any CPU
		{AD7B2AC9-66C4-4637-8AA2-DE8728E8D45D}.Debug|Any CPU.Build.0 = Debug|Any CPU
		{AD7B2AC9-66C4-4637-8AA2-DE8728E8D45D}.Release|Any CPU.ActiveCfg = Release|Any CPU
		{AD7B2AC9-66C4-4637-8AA2-DE8728E8D45D}.Release|Any CPU.Build.0 = Release|Any CPU
		{3E4B8065-3D91-4957-AAE2-330DD0CC8663}.Debug|Any CPU.ActiveCfg = Debug|Any CPU
		{3E4B8065-3D91-4957-AAE2-330DD0CC8663}.Debug|Any CPU.Build.0 = Debug|Any CPU
		{3E4B8065-3D91-4957-AAE2-330DD0CC8663}.Release|Any CPU.ActiveCfg = Release|Any CPU
		{3E4B8065-3D91-4957-AAE2-330DD0CC8663}.Release|Any CPU.Build.0 = Release|Any CPU
		{8F7350FE-87FF-4F7C-8BA5-C0E89B209E82}.Debug|Any CPU.ActiveCfg = Debug|Any CPU
		{8F7350FE-87FF-4F7C-8BA5-C0E89B209E82}.Debug|Any CPU.Build.0 = Debug|Any CPU
		{8F7350FE-87FF-4F7C-8BA5-C0E89B209E82}.Release|Any CPU.ActiveCfg = Release|Any CPU
		{8F7350FE-87FF-4F7C-8BA5-C0E89B209E82}.Release|Any CPU.Build.0 = Release|Any CPU
		{F33E3623-7598-4F2A-8F0E-B15B0EFE1ADB}.Debug|Any CPU.ActiveCfg = Debug|Any CPU
		{F33E3623-7598-4F2A-8F0E-B15B0EFE1ADB}.Debug|Any CPU.Build.0 = Debug|Any CPU
		{F33E3623-7598-4F2A-8F0E-B15B0EFE1ADB}.Release|Any CPU.ActiveCfg = Release|Any CPU
		{F33E3623-7598-4F2A-8F0E-B15B0EFE1ADB}.Release|Any CPU.Build.0 = Release|Any CPU
	EndGlobalSection
	GlobalSection(SolutionProperties) = preSolution
		HideSolutionNode = FALSE
	EndGlobalSection
	GlobalSection(ExtensibilityGlobals) = postSolution
		SolutionGuid = {6D06FD38-7CBE-49BD-80DC-D1F75D1A0E8F}
	EndGlobalSection
EndGlobal
