
Microsoft Visual Studio Solution File, Format Version 12.00
# Visual Studio Version 17
VisualStudioVersion = 17.2.32616.157
MinimumVisualStudioVersion = 10.0.40219.1
Project("{9A19103F-16F7-4668-BE54-9A1E7A4F7556}") = "Test", "Test\Test.csproj", "{C75738FF-7887-4A04-A4DB-1D886ED2BD94}"
EndProject
Project("{FAE04EC0-301F-11D3-BF4B-00C04F79EFBC}") = "FakeAxeAndDummy", "FakeAxeAndDummy\FakeAxeAndDummy.csproj", "{0A0CEA4D-3DAC-46E4-B8C6-2980FDE7262B}"
EndProject
Global
	GlobalSection(SolutionConfigurationPlatforms) = preSolution
		Debug|Any CPU = Debug|Any CPU
		Release|Any CPU = Release|Any CPU
	EndGlobalSection
	GlobalSection(ProjectConfigurationPlatforms) = postSolution
		{C75738FF-7887-4A04-A4DB-1D886ED2BD94}.Debug|Any CPU.ActiveCfg = Debug|Any CPU
		{C75738FF-7887-4A04-A4DB-1D886ED2BD94}.Debug|Any CPU.Build.0 = Debug|Any CPU
		{C75738FF-7887-4A04-A4DB-1D886ED2BD94}.Release|Any CPU.ActiveCfg = Release|Any CPU
		{C75738FF-7887-4A04-A4DB-1D886ED2BD94}.Release|Any CPU.Build.0 = Release|Any CPU
		{0A0CEA4D-3DAC-46E4-B8C6-2980FDE7262B}.Debug|Any CPU.ActiveCfg = Debug|Any CPU
		{0A0CEA4D-3DAC-46E4-B8C6-2980FDE7262B}.Debug|Any CPU.Build.0 = Debug|Any CPU
		{0A0CEA4D-3DAC-46E4-B8C6-2980FDE7262B}.Release|Any CPU.ActiveCfg = Release|Any CPU
		{0A0CEA4D-3DAC-46E4-B8C6-2980FDE7262B}.Release|Any CPU.Build.0 = Release|Any CPU
	EndGlobalSection
	GlobalSection(SolutionProperties) = preSolution
		HideSolutionNode = FALSE
	EndGlobalSection
	GlobalSection(ExtensibilityGlobals) = postSolution
		SolutionGuid = {6D06FD38-7CBE-49BD-80DC-D1F75D1A0E8F}
	EndGlobalSection
EndGlobal
