
Microsoft Visual Studio Solution File, Format Version 12.00
# Visual Studio Version 17
VisualStudioVersion = 17.2.32616.157
MinimumVisualStudioVersion = 10.0.40219.1
Project("{9A19103F-16F7-4668-BE54-9A1E7A4F7556}") = "Stealer", "01. Stealer\Stealer.csproj", "{52BC9654-BA4E-46B8-82E1-790608A553C8}"
EndProject
Global
	GlobalSection(SolutionConfigurationPlatforms) = preSolution
		Debug|Any CPU = Debug|Any CPU
		Release|Any CPU = Release|Any CPU
	EndGlobalSection
	GlobalSection(ProjectConfigurationPlatforms) = postSolution
		{52BC9654-BA4E-46B8-82E1-790608A553C8}.Debug|Any CPU.ActiveCfg = Debug|Any CPU
		{52BC9654-BA4E-46B8-82E1-790608A553C8}.Debug|Any CPU.Build.0 = Debug|Any CPU
		{52BC9654-BA4E-46B8-82E1-790608A553C8}.Release|Any CPU.ActiveCfg = Release|Any CPU
		{52BC9654-BA4E-46B8-82E1-790608A553C8}.Release|Any CPU.Build.0 = Release|Any CPU
	EndGlobalSection
	GlobalSection(SolutionProperties) = preSolution
		HideSolutionNode = FALSE
	EndGlobalSection
	GlobalSection(ExtensibilityGlobals) = postSolution
		SolutionGuid = {779B20DD-77B2-4BA8-8B65-F9EDC02FA275}
	EndGlobalSection
EndGlobal
