
Microsoft Visual Studio Solution File, Format Version 12.00
# Visual Studio Version 17
VisualStudioVersion = 17.2.32616.157
MinimumVisualStudioVersion = 10.0.40219.1
Project("{FAE04EC0-301F-11D3-BF4B-00C04F79EFBC}") = "ifStatementTest", "ifStatementTest\ifStatementTest.csproj", "{2C0403E9-802C-4B24-8D4D-38DE78A59101}"
EndProject
Global
	GlobalSection(SolutionConfigurationPlatforms) = preSolution
		Debug|Any CPU = Debug|Any CPU
		Release|Any CPU = Release|Any CPU
	EndGlobalSection
	GlobalSection(ProjectConfigurationPlatforms) = postSolution
		{2C0403E9-802C-4B24-8D4D-38DE78A59101}.Debug|Any CPU.ActiveCfg = Debug|Any CPU
		{2C0403E9-802C-4B24-8D4D-38DE78A59101}.Debug|Any CPU.Build.0 = Debug|Any CPU
		{2C0403E9-802C-4B24-8D4D-38DE78A59101}.Release|Any CPU.ActiveCfg = Release|Any CPU
		{2C0403E9-802C-4B24-8D4D-38DE78A59101}.Release|Any CPU.Build.0 = Release|Any CPU
	EndGlobalSection
	GlobalSection(SolutionProperties) = preSolution
		HideSolutionNode = FALSE
	EndGlobalSection
	GlobalSection(ExtensibilityGlobals) = postSolution
		SolutionGuid = {D8F21A98-11D0-4527-86E7-4D136B865655}
	EndGlobalSection
EndGlobal
